
Microsoft Visual Studio Solution File, Format Version 12.00
# Visual Studio 15
VisualStudioVersion = 15.0.28307.902
MinimumVisualStudioVersion = 10.0.40219.1
Project("{FAE04EC0-301F-11D3-BF4B-00C04F79EFBC}") = "DotNetExample", "DotNetExample\DotNetExample.csproj", "{88B0E862-E64B-459A-81A9-79E4713295D2}"
EndProject
Global
	GlobalSection(SolutionConfigurationPlatforms) = preSolution
		Debug|Any CPU = Debug|Any CPU
		Release|Any CPU = Release|Any CPU
	EndGlobalSection
	GlobalSection(ProjectConfigurationPlatforms) = postSolution
		{88B0E862-E64B-459A-81A9-79E4713295D2}.Debug|Any CPU.ActiveCfg = Debug|Any CPU
		{88B0E862-E64B-459A-81A9-79E4713295D2}.Debug|Any CPU.Build.0 = Debug|Any CPU
		{88B0E862-E64B-459A-81A9-79E4713295D2}.Release|Any CPU.ActiveCfg = Release|Any CPU
		{88B0E862-E64B-459A-81A9-79E4713295D2}.Release|Any CPU.Build.0 = Release|Any CPU
	EndGlobalSection
	GlobalSection(SolutionProperties) = preSolution
		HideSolutionNode = FALSE
	EndGlobalSection
	GlobalSection(ExtensibilityGlobals) = postSolution
		SolutionGuid = {09B9C7C4-6115-456C-B629-16E90234F352}
	EndGlobalSection
EndGlobal
